{
  "nodes": {
    "home-manager": {
      "inputs": {
        "nixpkgs": [
          "nixpkgs"
        ]
      },
      "locked": {
        "lastModified": 1768912518,
        "narHash": "sha256-FJlof1jnbLIT5RbKxef/NV6RzcOj1GoMzXE4FcBFg5Y=",
        "owner": "nix-community",
        "repo": "home-manager",
        "rev": "9c5f8aceb6ef620e881f50fe65cb4a2c6b1e8527",
        "type": "github"
      },
      "original": {
        "owner": "nix-community",
        "repo": "home-manager",
        "type": "github"
      }
    },
    "nix-darwin": {
      "inputs": {
        "nixpkgs": [
          "nixpkgs"
        ]
      },
      "locked": {
        "lastModified": 1768764703,
        "narHash": "sha256-5ulSDyOG1U+1sJhkJHYsUOWEsmtLl97O0NTVMvgIVyc=",
        "owner": "LnL7",
        "repo": "nix-darwin",
        "rev": "0fc4e7ac670a0ed874abacf73c4b072a6a58064b",
        "type": "github"
      },
      "original": {
        "owner": "LnL7",
        "repo": "nix-darwin",
        "type": "github"
      }
    },
    "nixpkgs": {
      "locked": {
        "lastModified": 1768783163,
        "narHash": "sha256-tLj4KcRDLakrlpvboTJDKsrp6z2XLwyQ4Zmo+w8KsY4=",
        "owner": "NixOS",
        "repo": "nixpkgs",
        "rev": "bde09022887110deb780067364a0818e89258968",
        "type": "github"
      },
      "original": {
        "owner": "NixOS",
        "ref": "nixpkgs-unstable",
        "repo": "nixpkgs",
        "type": "github"
      }
    },
    "root": {
      "inputs": {
        "home-manager": "home-manager",
        "nix-darwin": "nix-darwin",
        "nixpkgs": "nixpkgs",
        "vim-plugin:L3MON4D3/LuaSnip": "vim-plugin:L3MON4D3/LuaSnip",
        "vim-plugin:LunarVim/darkplus.nvim": "vim-plugin:LunarVim/darkplus.nvim",
        "vim-plugin:VonHeikemen/lsp-zero.nvim": "vim-plugin:VonHeikemen/lsp-zero.nvim",
        "vim-plugin:neovim/nvim-lspconfig": "vim-plugin:neovim/nvim-lspconfig",
        "vim-plugin:rafamadriz/friendly-snippets": "vim-plugin:rafamadriz/friendly-snippets"
      }
    },
    "vim-plugin:L3MON4D3/LuaSnip": {
      "flake": false,
      "locked": {
        "lastModified": 1768781124,
        "narHash": "sha256-3beTsZPT2EwzAVhEzqNhFRnDAU7C7GlzFFymY3aNp9M=",
        "owner": "L3MON4D3",
        "repo": "LuaSnip",
        "rev": "dae4f5aaa3574bd0c2b9dd20fb9542a02c10471c",
        "type": "github"
      },
      "original": {
        "owner": "L3MON4D3",
        "repo": "LuaSnip",
        "type": "github"
      }
    },
    "vim-plugin:LunarVim/darkplus.nvim": {
      "flake": false,
      "locked": {
        "lastModified": 1718977245,
        "narHash": "sha256-ycEUX7m4gC9oXNHteaq7CrxZfQDkjmfdlwj4TP5UeUw=",
        "owner": "LunarVim",
        "repo": "darkplus.nvim",
        "rev": "c7fff5ce62406121fc6c9e4746f118b2b2499c4c",
        "type": "github"
      },
      "original": {
        "owner": "LunarVim",
        "repo": "darkplus.nvim",
        "type": "github"
      }
    },
    "vim-plugin:VonHeikemen/lsp-zero.nvim": {
      "flake": false,
      "locked": {
        "lastModified": 1751989429,
        "narHash": "sha256-CTLsXtY/89l1zV+Y09mhThx0PEEG5KhoOw1X4f4frtc=",
        "owner": "VonHeikemen",
        "repo": "lsp-zero.nvim",
        "rev": "d388e2b71834c826e61a3eba48caec53d7602510",
        "type": "github"
      },
      "original": {
        "owner": "VonHeikemen",
        "repo": "lsp-zero.nvim",
        "type": "github"
      }
    },
    "vim-plugin:neovim/nvim-lspconfig": {
      "flake": false,
      "locked": {
        "lastModified": 1767906342,
        "narHash": "sha256-AOn+afoh9yJUEcF8kJR3Nm1D6cT6fDCQ+wTFwPXwFRA=",
        "owner": "neovim",
        "repo": "nvim-lspconfig",
        "rev": "92ee7d42320edfbb81f3cad851314ab197fa324a",
        "type": "github"
      },
      "original": {
        "owner": "neovim",
        "repo": "nvim-lspconfig",
        "type": "github"
      }
    },
    "vim-plugin:rafamadriz/friendly-snippets": {
      "flake": false,
      "locked": {
        "lastModified": 1745949052,
        "narHash": "sha256-FzApcTbWfFkBD9WsYMhaCyn6ky8UmpUC2io/co/eByM=",
        "owner": "rafamadriz",
        "repo": "friendly-snippets",
        "rev": "572f5660cf05f8cd8834e096d7b4c921ba18e175",
        "type": "github"
      },
      "original": {
        "owner": "rafamadriz",
        "repo": "friendly-snippets",
        "type": "github"
      }
    }
  },
  "root": "root",
  "version": 7
}
