{
  "nodes": {
    "home-manager": {
      "inputs": {
        "nixpkgs": [
          "nixpkgs"
        ]
      },
      "locked": {
        "lastModified": 1741416850,
        "narHash": "sha256-iqRxCsRxE/Q/3W1RHxQMthPKEda0hhY65uxEpE5TNk4=",
        "owner": "nix-community",
        "repo": "home-manager",
        "rev": "26f6b862645ff281f3bada5d406e8c20de8d837c",
        "type": "github"
      },
      "original": {
        "owner": "nix-community",
        "repo": "home-manager",
        "type": "github"
      }
    },
    "nix-darwin": {
      "inputs": {
        "nixpkgs": [
          "nixpkgs"
        ]
      },
      "locked": {
        "lastModified": 1741229100,
        "narHash": "sha256-0HwrTDXp9buEwal/1ymK9uQmzUD5ozIA7CJGqnT/gLs=",
        "owner": "LnL7",
        "repo": "nix-darwin",
        "rev": "adf5c88ba1fe21af5c083b4d655004431f20c5ab",
        "type": "github"
      },
      "original": {
        "owner": "LnL7",
        "repo": "nix-darwin",
        "type": "github"
      }
    },
    "nixpkgs": {
      "locked": {
        "lastModified": 1741310760,
        "narHash": "sha256-aizILFrPgq/W53Jw8i0a1h1GZAAKtlYOrG/A5r46gVM=",
        "owner": "NixOS",
        "repo": "nixpkgs",
        "rev": "de0fe301211c267807afd11b12613f5511ff7433",
        "type": "github"
      },
      "original": {
        "owner": "NixOS",
        "ref": "nixpkgs-unstable",
        "repo": "nixpkgs",
        "type": "github"
      }
    },
    "root": {
      "inputs": {
        "home-manager": "home-manager",
        "nix-darwin": "nix-darwin",
        "nixpkgs": "nixpkgs",
        "vim-plugin:L3MON4D3/LuaSnip": "vim-plugin:L3MON4D3/LuaSnip",
        "vim-plugin:LunarVim/darkplus.nvim": "vim-plugin:LunarVim/darkplus.nvim",
        "vim-plugin:VonHeikemen/lsp-zero.nvim": "vim-plugin:VonHeikemen/lsp-zero.nvim",
        "vim-plugin:neovim/nvim-lspconfig": "vim-plugin:neovim/nvim-lspconfig",
        "vim-plugin:rafamadriz/friendly-snippets": "vim-plugin:rafamadriz/friendly-snippets"
      }
    },
    "vim-plugin:L3MON4D3/LuaSnip": {
      "flake": false,
      "locked": {
        "lastModified": 1736009707,
        "narHash": "sha256-3ecm5SDTcSOh256xSQPHhddQfMpepiEIpv58fHXrVg0=",
        "owner": "L3MON4D3",
        "repo": "LuaSnip",
        "rev": "c9b9a22904c97d0eb69ccb9bab76037838326817",
        "type": "github"
      },
      "original": {
        "owner": "L3MON4D3",
        "repo": "LuaSnip",
        "type": "github"
      }
    },
    "vim-plugin:LunarVim/darkplus.nvim": {
      "flake": false,
      "locked": {
        "lastModified": 1718977245,
        "narHash": "sha256-ycEUX7m4gC9oXNHteaq7CrxZfQDkjmfdlwj4TP5UeUw=",
        "owner": "LunarVim",
        "repo": "darkplus.nvim",
        "rev": "c7fff5ce62406121fc6c9e4746f118b2b2499c4c",
        "type": "github"
      },
      "original": {
        "owner": "LunarVim",
        "repo": "darkplus.nvim",
        "type": "github"
      }
    },
    "vim-plugin:VonHeikemen/lsp-zero.nvim": {
      "flake": false,
      "locked": {
        "lastModified": 1734708418,
        "narHash": "sha256-bazY1Eq57H4xPzTaUuD4jQe0JHNeuAKDLezhiWBb15U=",
        "owner": "VonHeikemen",
        "repo": "lsp-zero.nvim",
        "rev": "baff1ca10ecad7efe04f02f06d2647dd2ae90074",
        "type": "github"
      },
      "original": {
        "owner": "VonHeikemen",
        "repo": "lsp-zero.nvim",
        "type": "github"
      }
    },
    "vim-plugin:neovim/nvim-lspconfig": {
      "flake": false,
      "locked": {
        "lastModified": 1741352245,
        "narHash": "sha256-j6RUmiiHwHVuTpb18cA73TZ2IleXm5+sXZiADhvFk5M=",
        "owner": "neovim",
        "repo": "nvim-lspconfig",
        "rev": "fd26f8626c03b424f7140d454031d1dcb8d23513",
        "type": "github"
      },
      "original": {
        "owner": "neovim",
        "repo": "nvim-lspconfig",
        "type": "github"
      }
    },
    "vim-plugin:rafamadriz/friendly-snippets": {
      "flake": false,
      "locked": {
        "lastModified": 1733106470,
        "narHash": "sha256-I8SRZxnoNC6SOWW+scoA77Jwyxcb4eUczppLdyOiZe0=",
        "owner": "rafamadriz",
        "repo": "friendly-snippets",
        "rev": "efff286dd74c22f731cdec26a70b46e5b203c619",
        "type": "github"
      },
      "original": {
        "owner": "rafamadriz",
        "repo": "friendly-snippets",
        "type": "github"
      }
    }
  },
  "root": "root",
  "version": 7
}
