{
  "nodes": {
    "home-manager": {
      "inputs": {
        "nixpkgs": [
          "nixpkgs"
        ]
      },
      "locked": {
        "lastModified": 1782702263,
        "narHash": "sha256-8/MG4Su7PhnynrmsVO61IeAfrK7GuUEu+E+gwbhy1QQ=",
        "owner": "nix-community",
        "repo": "home-manager",
        "rev": "789a35fbdeb3c46b260096daa0b321c11be527ea",
        "type": "github"
      },
      "original": {
        "owner": "nix-community",
        "repo": "home-manager",
        "type": "github"
      }
    },
    "nix-darwin": {
      "inputs": {
        "nixpkgs": [
          "nixpkgs"
        ]
      },
      "locked": {
        "lastModified": 1781761792,
        "narHash": "sha256-rCPytmKNjctLloB6UgK5CRrHSwV4b0ygxtJLPPp8R14=",
        "owner": "LnL7",
        "repo": "nix-darwin",
        "rev": "a1fa429e945becaf60468600daf649be4ba0350c",
        "type": "github"
      },
      "original": {
        "owner": "LnL7",
        "repo": "nix-darwin",
        "type": "github"
      }
    },
    "nixpkgs": {
      "locked": {
        "lastModified": 1782636521,
        "narHash": "sha256-OG8laCOGtkxlB1JH3XqOnXxnkGJme4mQdXo5hkhCQIY=",
        "owner": "NixOS",
        "repo": "nixpkgs",
        "rev": "e1c1b84752fb0897897380a3cae9dc7fcab91ca3",
        "type": "github"
      },
      "original": {
        "owner": "NixOS",
        "ref": "nixpkgs-unstable",
        "repo": "nixpkgs",
        "type": "github"
      }
    },
    "root": {
      "inputs": {
        "home-manager": "home-manager",
        "nix-darwin": "nix-darwin",
        "nixpkgs": "nixpkgs",
        "vim-plugin:L3MON4D3/LuaSnip": "vim-plugin:L3MON4D3/LuaSnip",
        "vim-plugin:LunarVim/darkplus.nvim": "vim-plugin:LunarVim/darkplus.nvim",
        "vim-plugin:rafamadriz/friendly-snippets": "vim-plugin:rafamadriz/friendly-snippets"
      }
    },
    "vim-plugin:L3MON4D3/LuaSnip": {
      "flake": false,
      "locked": {
        "lastModified": 1779224266,
        "narHash": "sha256-5Dm5maKjGcduew/cUZTWeyyVEgpZ0OpoVdMRYEw8Li0=",
        "owner": "L3MON4D3",
        "repo": "LuaSnip",
        "rev": "0abc8f390b278c3b4aabc4c004ac8a088b65cf24",
        "type": "github"
      },
      "original": {
        "owner": "L3MON4D3",
        "repo": "LuaSnip",
        "type": "github"
      }
    },
    "vim-plugin:LunarVim/darkplus.nvim": {
      "flake": false,
      "locked": {
        "lastModified": 1718977245,
        "narHash": "sha256-ycEUX7m4gC9oXNHteaq7CrxZfQDkjmfdlwj4TP5UeUw=",
        "owner": "LunarVim",
        "repo": "darkplus.nvim",
        "rev": "c7fff5ce62406121fc6c9e4746f118b2b2499c4c",
        "type": "github"
      },
      "original": {
        "owner": "LunarVim",
        "repo": "darkplus.nvim",
        "type": "github"
      }
    },
    "vim-plugin:rafamadriz/friendly-snippets": {
      "flake": false,
      "locked": {
        "lastModified": 1769182131,
        "narHash": "sha256-FzApcTbWfFkBD9WsYMhaCyn6ky8UmpUC2io/co/eByM=",
        "owner": "rafamadriz",
        "repo": "friendly-snippets",
        "rev": "6cd7280adead7f586db6fccbd15d2cac7e2188b9",
        "type": "github"
      },
      "original": {
        "owner": "rafamadriz",
        "repo": "friendly-snippets",
        "type": "github"
      }
    }
  },
  "root": "root",
  "version": 7
}
